
Microsoft Visual Studio Solution File, Format Version 12.00
# Visual Studio Version 16
VisualStudioVersion = 16.0.30611.23
MinimumVisualStudioVersion = 10.0.40219.1
Project("{FAE04EC0-301F-11D3-BF4B-00C04F79EFBC}") = "ChordsAndScalesAPICore", "ChordsAndScalesAPICore\ChordsAndScalesAPICore.csproj", "{1285252E-7CF1-448E-81FA-9C8C51A4D586}"
EndProject
Global
	GlobalSection(SolutionConfigurationPlatforms) = preSolution
		Debug|Any CPU = Debug|Any CPU
		Release|Any CPU = Release|Any CPU
	EndGlobalSection
	GlobalSection(ProjectConfigurationPlatforms) = postSolution
		{1285252E-7CF1-448E-81FA-9C8C51A4D586}.Debug|Any CPU.ActiveCfg = Debug|Any CPU
		{1285252E-7CF1-448E-81FA-9C8C51A4D586}.Debug|Any CPU.Build.0 = Debug|Any CPU
		{1285252E-7CF1-448E-81FA-9C8C51A4D586}.Release|Any CPU.ActiveCfg = Release|Any CPU
		{1285252E-7CF1-448E-81FA-9C8C51A4D586}.Release|Any CPU.Build.0 = Release|Any CPU
	EndGlobalSection
	GlobalSection(SolutionProperties) = preSolution
		HideSolutionNode = FALSE
	EndGlobalSection
	GlobalSection(ExtensibilityGlobals) = postSolution
		SolutionGuid = {CDD5BD46-4983-44BA-BB22-C73B7E2E25DE}
	EndGlobalSection
EndGlobal
